
{
  "name": "koa-graphql",
  "version": "0.12.0",
  "lockfileVersion": 2,
  "requires": true,
  "packages": {
    "": {
      "name": "koa-graphql",
      "version": "0.12.0",
      "license": "MIT",
      "dependencies": {
        "@types/koa": "^2.13.4",
        "express-graphql": "0.12.0",
        "http-errors": "^1.7.3"
      },
      "devDependencies": {
        "@graphiql/toolkit": "^0.1.0",
        "@types/chai": "^4.2.21",
        "@types/co-body": "^6.1.0",
        "@types/http-errors": "^1.8.1",
        "@types/koa-mount": "^4.0.0",
        "@types/koa-session": "^5.10.4",
        "@types/mocha": "^9.0.0",
        "@types/multer": "^1.4.7",
        "@types/sinon": "^10.0.2",
        "@types/supertest": "^2.0.11",